{
  "name": "service",
  "version": "0.0.0",
  "lockfileVersion": 1,
  "requires": true,
  "dependencies": {
    "lib": {
      "version": "4.0.1",
      "resolved": "https://registry.npmjs.org/lib/-/lib-4.0.1.tgz",
      "integrity": "sha512-JnkJsT9KQ+Y2YXbrqwMSF0rvL5cFgp3d1gG/IWG4/EzOzDJO/CDkehy9f/sc9Ff3stiO0EZLsexSw0b2XKKVyw=="
    }
  }
}
